{
  "version": "5",
  "specifiers": {
    "jsr:@marianmeres/batch@^1.3.0": "1.3.0",
    "jsr:@marianmeres/clog@^3.21.0": "3.21.0",
    "jsr:@marianmeres/demino@^1.17.0": "1.17.0",
    "jsr:@marianmeres/design-tokens@^1.20.0": "1.20.0",
    "jsr:@marianmeres/http-utils@^2.11.0": "2.11.0",
    "jsr:@marianmeres/midware@^1.5.0": "1.5.0",
    "jsr:@marianmeres/npmbuild@^1.16.0": "1.16.0",
    "jsr:@marianmeres/pubsub@3": "3.0.0",
    "jsr:@marianmeres/random-human-readable@^1.10.2": "1.10.2",
    "jsr:@marianmeres/simple-router@^3.4.0": "3.4.0",
    "jsr:@marianmeres/store@3": "3.0.1",
    "jsr:@marianmeres/ticker@^1.17.1": "1.17.1",
    "jsr:@marianmeres/uid@^1.2.0": "1.2.0",
    "jsr:@marianmeres/vanilla@^1.9.0": "1.9.0",
    "jsr:@std/assert@^1.0.19": "1.0.19",
    "jsr:@std/cli@^1.0.32": "1.0.32",
    "jsr:@std/collections@^1.1.7": "1.3.0",
    "jsr:@std/encoding@^1.0.11": "1.0.11",
    "jsr:@std/fmt@^1.0.10": "1.0.10",
    "jsr:@std/fs@^1.0.23": "1.0.24",
    "jsr:@std/fs@^1.0.24": "1.0.24",
    "jsr:@std/html@^1.0.7": "1.0.7",
    "jsr:@std/http@^1.1.1": "1.1.3",
    "jsr:@std/internal@^1.0.12": "1.0.14",
    "jsr:@std/internal@^1.0.14": "1.0.14",
    "jsr:@std/media-types@^1.1.0": "1.1.0",
    "jsr:@std/net@^1.0.6": "1.0.6",
    "jsr:@std/path@^1.1.4": "1.1.6",
    "jsr:@std/path@^1.1.5": "1.1.6",
    "jsr:@std/path@^1.1.6": "1.1.6",
    "jsr:@std/streams@^1.1.2": "1.1.2",
    "npm:request-ip@^3.3.0": "3.3.0"
  },
  "jsr": {
    "@marianmeres/batch@1.3.0": {
      "integrity": "081dea4627cc3a3fe4d20be75ca78bf571bc09db56027f07440e9ff1735d793e",
      "dependencies": [
        "jsr:@marianmeres/pubsub"
      ]
    },
    "@marianmeres/clog@3.21.0": {
      "integrity": "c97afb0de366d865db35b7d570d6d2ff517e6cd5dc8a2b2e130528afb7fdd526",
      "dependencies": [
        "jsr:@marianmeres/batch"
      ]
    },
    "@marianmeres/demino@1.17.0": {
      "integrity": "b85b3ad5384fdb119a5a62d34b5b00733d78ff8b8311c8cd32154a13807270d6",
      "dependencies": [
        "jsr:@marianmeres/clog",
        "jsr:@marianmeres/http-utils",
        "jsr:@marianmeres/midware",
        "jsr:@marianmeres/simple-router",
        "jsr:@std/fmt",
        "jsr:@std/fs@^1.0.24",
        "jsr:@std/http",
        "jsr:@std/path@^1.1.5",
        "npm:request-ip"
      ]
    },
    "@marianmeres/design-tokens@1.20.0": {
      "integrity": "400945040f3b1685ca6c4837f36fd5c85443ce9f90e0c062f83f3c1d60e8410c"
    },
    "@marianmeres/http-utils@2.11.0": {
      "integrity": "89adc986b157f0b3eab6025823d0ad0830de49da84dea7fe99802bd33bbaaf8f"
    },
    "@marianmeres/midware@1.5.0": {
      "integrity": "0d4b6efbb69a4c75026e2f00c2c69760c8029f402213db1da3dfe0fae4e58f72"
    },
    "@marianmeres/npmbuild@1.16.0": {
      "integrity": "5631b65d284472d1325ecf829dce22e2df166fa3b754cd3f005c8eccd05ee8f0",
      "dependencies": [
        "jsr:@std/collections",
        "jsr:@std/fs@^1.0.23",
        "jsr:@std/path@^1.1.4"
      ]
    },
    "@marianmeres/pubsub@3.0.0": {
      "integrity": "9bc40e60362801663fb23e0c00a353abec7684840b6bea410facba09c083677b"
    },
    "@marianmeres/random-human-readable@1.10.2": {
      "integrity": "84fa14856b2b1ef8a629c332d4662b6edf865bf6a79585b0f0ce9df645c58244"
    },
    "@marianmeres/simple-router@3.4.0": {
      "integrity": "0066d33ef73a148051b1f3daf60876047803cd993704d0efa69d07a0a30bf9e8",
      "dependencies": [
        "jsr:@marianmeres/pubsub"
      ]
    },
    "@marianmeres/store@3.0.1": {
      "integrity": "be72d3fb0308dd2909ad8306b3477f51d218ca65975548704f8cb853222fb396",
      "dependencies": [
        "jsr:@marianmeres/pubsub"
      ]
    },
    "@marianmeres/ticker@1.17.1": {
      "integrity": "7bd2aa530af24d7c84786ac35c5639c0a210c7328a04d4edbe3875be9f85d613",
      "dependencies": [
        "jsr:@marianmeres/store"
      ]
    },
    "@marianmeres/uid@1.2.0": {
      "integrity": "2c0df6add95114ee5d346a441cfcdfc61fd735dc70b47782065c739373a2705d",
      "dependencies": [
        "jsr:@marianmeres/random-human-readable"
      ]
    },
    "@marianmeres/vanilla@1.9.0": {
      "integrity": "2fa21af4935599e73b7275e6d477c5992e39ebd5a5a01bb8f2d29cadf2976916"
    },
    "@std/assert@1.0.19": {
      "integrity": "eaada96ee120cb980bc47e040f82814d786fe8162ecc53c91d8df60b8755991e",
      "dependencies": [
        "jsr:@std/internal@^1.0.12"
      ]
    },
    "@std/cli@1.0.32": {
      "integrity": "188b3a100d6202d64e3f5bd3d799c7fa4f6d77f92cc65eb7f641c1fa0aa92a66"
    },
    "@std/collections@1.3.0": {
      "integrity": "eb36b43d784477ea0b476483ac034a14bdd182aff921c812ecf662a1fcef9498"
    },
    "@std/encoding@1.0.11": {
      "integrity": "e7cef2f0b3153bccc17431e7c864a1de03a4b6d9647389c43e08aaa775d37385"
    },
    "@std/fmt@1.0.10": {
      "integrity": "90dfba288802ac6de82fb31d0917eb9e4450b9925b954d5e51fc29ac07419db5"
    },
    "@std/fs@1.0.24": {
      "integrity": "f3061b45b81673a2bece689da041df32d174be064c89eb6397fb5718d3fb7877",
      "dependencies": [
        "jsr:@std/internal@^1.0.14",
        "jsr:@std/path@^1.1.5"
      ]
    },
    "@std/html@1.0.7": {
      "integrity": "175c818905a6e75743c69c251395e273d82698e58cfe7dd76268d70e28b8d8fe"
    },
    "@std/http@1.1.3": {
      "integrity": "73a98e05ff58aa18bea562d286172e6c815b1eddd4fcab194beda19e3683b88c",
      "dependencies": [
        "jsr:@std/cli",
        "jsr:@std/encoding",
        "jsr:@std/fmt",
        "jsr:@std/fs@^1.0.24",
        "jsr:@std/html",
        "jsr:@std/media-types",
        "jsr:@std/net",
        "jsr:@std/path@^1.1.6",
        "jsr:@std/streams"
      ]
    },
    "@std/internal@1.0.14": {
      "integrity": "291516b3d4c35024d6ffbc0a9df5bf4c64116e05b50012cf846710152d2ffdf7"
    },
    "@std/media-types@1.1.0": {
      "integrity": "c9d093f0c05c3512932b330e3cc1fe1d627b301db33a4c2c2185c02471d6eaa4"
    },
    "@std/net@1.0.6": {
      "integrity": "110735f93e95bb9feb95790a8b1d1bf69ec0dc74f3f97a00a76ea5efea25500c"
    },
    "@std/path@1.1.6": {
      "integrity": "c68485c2a4dfbb5ae3cc74fae4e8c4e5d874cf8a8ed12927917235c758b46cbe",
      "dependencies": [
        "jsr:@std/internal@^1.0.14"
      ]
    },
    "@std/streams@1.1.2": {
      "integrity": "0249bf9b78a999f57032ca4d8e7ccaa57579090242640b35ddc948fbb745d3af"
    }
  },
  "npm": {
    "request-ip@3.3.0": {
      "integrity": "sha512-cA6Xh6e0fDBBBwH77SLJaJPBmD3nWVAcF9/XAcsrIHdjhFzFiB5aNQFytdjCGPezU3ROwrR11IddKAM08vohxA=="
    }
  },
  "workspace": {
    "dependencies": [
      "jsr:@marianmeres/clog@^3.21.0",
      "jsr:@marianmeres/demino@^1.17.0",
      "jsr:@marianmeres/design-tokens@^1.20.0",
      "jsr:@marianmeres/npmbuild@^1.16.0",
      "jsr:@marianmeres/pubsub@3",
      "jsr:@marianmeres/ticker@^1.17.1",
      "jsr:@marianmeres/uid@^1.2.0",
      "jsr:@marianmeres/vanilla@^1.9.0",
      "jsr:@std/assert@^1.0.19",
      "jsr:@std/path@^1.1.6"
    ]
  }
}
